
Microsoft Visual Studio Solution File, Format Version 12.00
# Visual Studio Version 17
VisualStudioVersion = 17.5.33516.290
MinimumVisualStudioVersion = 10.0.40219.1
Project("{9A19103F-16F7-4668-BE54-9A1E7A4F7556}") = "ProductApi", "ProductApi.csproj", "{676DA1D5-AA41-4640-8A4B-2E22402960D6}"
EndProject
Global
	GlobalSection(SolutionConfigurationPlatforms) = preSolution
		Debug|Any CPU = Debug|Any CPU
		Release|Any CPU = Release|Any CPU
	EndGlobalSection
	GlobalSection(ProjectConfigurationPlatforms) = postSolution
		{676DA1D5-AA41-4640-8A4B-2E22402960D6}.Debug|Any CPU.ActiveCfg = Debug|Any CPU
		{676DA1D5-AA41-4640-8A4B-2E22402960D6}.Debug|Any CPU.Build.0 = Debug|Any CPU
		{676DA1D5-AA41-4640-8A4B-2E22402960D6}.Release|Any CPU.ActiveCfg = Release|Any CPU
		{676DA1D5-AA41-4640-8A4B-2E22402960D6}.Release|Any CPU.Build.0 = Release|Any CPU
	EndGlobalSection
	GlobalSection(SolutionProperties) = preSolution
		HideSolutionNode = FALSE
	EndGlobalSection
	GlobalSection(ExtensibilityGlobals) = postSolution
		SolutionGuid = {C9F560BF-F005-4A81-9AE8-6685974D0661}
	EndGlobalSection
EndGlobal
